// !$*UTF8*$!
{
	archiveVersion = 1;
	classes = {
	};
	objectVersion = 50;
	objects = {

/* Begin PBXBuildFile section */
		497BB4A2229C0DA400F1C0CA /* AppDelegate.swift in Sources */ = {isa = PBXBuildFile; fileRef = 497BB4A1229C0DA400F1C0CA /* AppDelegate.swift */; };
		497BB4A7229C0DA400F1C0CA /* Main.storyboard in Resources */ = {isa = PBXBuildFile; fileRef = 497BB4A5229C0DA400F1C0CA /* Main.storyboard */; };
		497BB4A9229C0DA500F1C0CA /* Assets.xcassets in Resources */ = {isa = PBXBuildFile; fileRef = 497BB4A8229C0DA500F1C0CA /* Assets.xcassets */; };
		497BB4AC229C0DA500F1C0CA /* LaunchScreen.storyboard in Resources */ = {isa = PBXBuildFile; fileRef = 497BB4AA229C0DA500F1C0CA /* LaunchScreen.storyboard */; };
		497BB4B7229C0DA500F1C0CA /* HelloWorldTests.swift in Sources */ = {isa = PBXBuildFile; fileRef = 497BB4B6229C0DA500F1C0CA /* HelloWorldTests.swift */; };
		497BB4C2229C0DA500F1C0CA /* HelloWorldUITests.swift in Sources */ = {isa = PBXBuildFile; fileRef = 497BB4C1229C0DA500F1C0CA /* HelloWorldUITests.swift */; };
		49970C4522A441C800E85A76 /* Hello World ViewController.swift in Sources */ = {isa = PBXBuildFile; fileRef = 49970C4422A441C800E85A76 /* Hello World ViewController.swift */; };
/* End PBXBuildFile section */

/* Begin PBXContainerItemProxy section */
		497BB4B3229C0DA500F1C0CA /* PBXContainerItemProxy */ = {
			isa = PBXContainerItemProxy;
			containerPortal = 497BB496229C0DA400F1C0CA /* Project object */;
			proxyType = 1;
			remoteGlobalIDString = 497BB49D229C0DA400F1C0CA;
			remoteInfo = HelloWorld;
		};
		497BB4BE229C0DA500F1C0CA /* PBXContainerItemProxy */ = {
			isa = PBXContainerItemProxy;
			containerPortal = 497BB496229C0DA400F1C0CA /* Project object */;
			proxyType = 1;
			remoteGlobalIDString = 497BB49D229C0DA400F1C0CA;
			remoteInfo = HelloWorld;
		};
/* End PBXContainerItemProxy section */

/* Begin PBXFileReference section */
		497BB49E229C0DA400F1C0CA /* HelloWorld.app */ = {isa = PBXFileReference; explicitFileType = wrapper.application; includeInIndex = 0; path = HelloWorld.app; sourceTree = BUILT_PRODUCTS_DIR; };
		497BB4A1229C0DA400F1C0CA /* AppDelegate.swift */ = {isa = PBXFileReference; lastKnownFileType = sourcecode.swift; path = AppDelegate.swift; sourceTree = "<group>"; };
		497BB4A6229C0DA400F1C0CA /* Base */ = {isa = PBXFileReference; lastKnownFileType = file.storyboard; name = Base; path = Base.lproj/Main.storyboard; sourceTree = "<group>"; };
		497BB4A8229C0DA500F1C0CA /* Assets.xcassets */ = {isa = PBXFileReference; lastKnownFileType = folder.assetcatalog; path = Assets.xcassets; sourceTree = "<group>"; };
		497BB4AB229C0DA500F1C0CA /* Base */ = {isa = PBXFileReference; lastKnownFileType = file.storyboard; name = Base; path = Base.lproj/LaunchScreen.storyboard; sourceTree = "<group>"; };
		497BB4AD229C0DA500F1C0CA /* Info.plist */ = {isa = PBXFileReference; lastKnownFileType = text.plist.xml; path = Info.plist; sourceTree = "<group>"; };
		497BB4B2229C0DA500F1C0CA /* HelloWorldTests.xctest */ = {isa = PBXFileReference; explicitFileType = wrapper.cfbundle; includeInIndex = 0; path = HelloWorldTests.xctest; sourceTree = BUILT_PRODUCTS_DIR; };
		497BB4B6229C0DA500F1C0CA /* HelloWorldTests.swift */ = {isa = PBXFileReference; lastKnownFileType = sourcecode.swift; path = HelloWorldTests.swift; sourceTree = "<group>"; };
		497BB4B8229C0DA500F1C0CA /* Info.plist */ = {isa = PBXFileReference; lastKnownFileType = text.plist.xml; path = Info.plist; sourceTree = "<group>"; };
		497BB4BD229C0DA500F1C0CA /* HelloWorldUITests.xctest */ = {isa = PBXFileReference; explicitFileType = wrapper.cfbundle; includeInIndex = 0; path = HelloWorldUITests.xctest; sourceTree = BUILT_PRODUCTS_DIR; };
		497BB4C1229C0DA500F1C0CA /* HelloWorldUITests.swift */ = {isa = PBXFileReference; lastKnownFileType = sourcecode.swift; path = HelloWorldUITests.swift; sourceTree = "<group>"; };
		497BB4C3229C0DA500F1C0CA /* Info.plist */ = {isa = PBXFileReference; lastKnownFileType = text.plist.xml; path = Info.plist; sourceTree = "<group>"; };
		49970C4422A441C800E85A76 /* Hello World ViewController.swift */ = {isa = PBXFileReference; lastKnownFileType = sourcecode.swift; path = "Hello World ViewController.swift"; sourceTree = "<group>"; };
/* End PBXFileReference section */

/* Begin PBXFrameworksBuildPhase section */
		497BB49B229C0DA400F1C0CA /* Frameworks */ = {
			isa = PBXFrameworksBuildPhase;
			buildActionMask = 2147483647;
			files = (
			);
			runOnlyForDeploymentPostprocessing = 0;
		};
		497BB4AF229C0DA500F1C0CA /* Frameworks */ = {
			isa = PBXFrameworksBuildPhase;
			buildActionMask = 2147483647;
			files = (
			);
			runOnlyForDeploymentPostprocessing = 0;
		};
		497BB4BA229C0DA500F1C0CA /* Frameworks */ = {
			isa = PBXFrameworksBuildPhase;
			buildActionMask = 2147483647;
			files = (
			);
			runOnlyForDeploymentPostprocessing = 0;
		};
/* End PBXFrameworksBuildPhase section */

/* Begin PBXGroup section */
		497BB495229C0DA400F1C0CA = {
			isa = PBXGroup;
			children = (
				497BB4A0229C0DA400F1C0CA /* HelloWorld */,
				497BB4B5229C0DA500F1C0CA /* HelloWorldTests */,
				497BB4C0229C0DA500F1C0CA /* HelloWorldUITests */,
				497BB49F229C0DA400F1C0CA /* Products */,
			);
			sourceTree = "<group>";
		};
		497BB49F229C0DA400F1C0CA /* Products */ = {
			isa = PBXGroup;
			children = (
				497BB49E229C0DA400F1C0CA /* HelloWorld.app */,
				497BB4B2229C0DA500F1C0CA /* HelloWorldTests.xctest */,
				497BB4BD229C0DA500F1C0CA /* HelloWorldUITests.xctest */,
			);
			name = Products;
			sourceTree = "<group>";
		};
		497BB4A0229C0DA400F1C0CA /* HelloWorld */ = {
			isa = PBXGroup;
			children = (
				497BB4A1229C0DA400F1C0CA /* AppDelegate.swift */,
				497BB4A5229C0DA400F1C0CA /* Main.storyboard */,
				49970C4422A441C800E85A76 /* Hello World ViewController.swift */,
				497BB4A8229C0DA500F1C0CA /* Assets.xcassets */,
				497BB4AA229C0DA500F1C0CA /* LaunchScreen.storyboard */,
				497BB4AD229C0DA500F1C0CA /* Info.plist */,
			);
			path = HelloWorld;
			sourceTree = "<group>";
		};
		497BB4B5229C0DA500F1C0CA /* HelloWorldTests */ = {
			isa = PBXGroup;
			children = (
				497BB4B6229C0DA500F1C0CA /* HelloWorldTests.swift */,
				497BB4B8229C0DA500F1C0CA /* Info.plist */,
			);
			path = HelloWorldTests;
			sourceTree = "<group>";
		};
		497BB4C0229C0DA500F1C0CA /* HelloWorldUITests */ = {
			isa = PBXGroup;
			children = (
				497BB4C1229C0DA500F1C0CA /* HelloWorldUITests.swift */,
				497BB4C3229C0DA500F1C0CA /* Info.plist */,
			);
			path = HelloWorldUITests;
			sourceTree = "<group>";
		};
/* End PBXGroup section */

/* Begin PBXNativeTarget section */
		497BB49D229C0DA400F1C0CA /* HelloWorld */ = {
			isa = PBXNativeTarget;
			buildConfigurationList = 497BB4C6229C0DA500F1C0CA /* Build configuration list for PBXNativeTarget "HelloWorld" */;
			buildPhases = (
				497BB49A229C0DA400F1C0CA /* Sources */,
				497BB49B229C0DA400F1C0CA /* Frameworks */,
				497BB49C229C0DA400F1C0CA /* Resources */,
			);
			buildRules = (
			);
			dependencies = (
			);
			name = HelloWorld;
			productName = HelloWorld;
			productReference = 497BB49E229C0DA400F1C0CA /* HelloWorld.app */;
			productType = "com.apple.product-type.application";
		};
		497BB4B1229C0DA500F1C0CA /* HelloWorldTests */ = {
			isa = PBXNativeTarget;
			buildConfigurationList = 497BB4C9229C0DA500F1C0CA /* Build configuration list for PBXNativeTarget "HelloWorldTests" */;
			buildPhases = (
				497BB4AE229C0DA500F1C0CA /* Sources */,
				497BB4AF229C0DA500F1C0CA /* Frameworks */,
				497BB4B0229C0DA500F1C0CA /* Resources */,
			);
			buildRules = (
			);
			dependencies = (
				497BB4B4229C0DA500F1C0CA /* PBXTargetDependency */,
			);
			name = HelloWorldTests;
			productName = HelloWorldTests;
			productReference = 497BB4B2229C0DA500F1C0CA /* HelloWorldTests.xctest */;
			productType = "com.apple.product-type.bundle.unit-test";
		};
		497BB4BC229C0DA500F1C0CA /* HelloWorldUITests */ = {
			isa = PBXNativeTarget;
			buildConfigurationList = 497BB4CC229C0DA500F1C0CA /* Build configuration list for PBXNativeTarget "HelloWorldUITests" */;
			buildPhases = (
				497BB4B9229C0DA500F1C0CA /* Sources */,
				497BB4BA229C0DA500F1C0CA /* Frameworks */,
				497BB4BB229C0DA500F1C0CA /* Resources */,
			);
			buildRules = (
			);
			dependencies = (
				497BB4BF229C0DA500F1C0CA /* PBXTargetDependency */,
			);
			name = HelloWorldUITests;
			productName = HelloWorldUITests;
			productReference = 497BB4BD229C0DA500F1C0CA /* HelloWorldUITests.xctest */;
			productType = "com.apple.product-type.bundle.ui-testing";
		};
/* End PBXNativeTarget section */

/* Begin PBXProject section */
		497BB496229C0DA400F1C0CA /* Project object */ = {
			isa = PBXProject;
			attributes = {
				LastSwiftUpdateCheck = 1020;
				LastUpgradeCheck = 1020;
				ORGANIZATIONNAME = "Peyton Tettleton";
				TargetAttributes = {
					497BB49D229C0DA400F1C0CA = {
						CreatedOnToolsVersion = 10.2.1;
					};
					497BB4B1229C0DA500F1C0CA = {
						CreatedOnToolsVersion = 10.2.1;
						TestTargetID = 497BB49D229C0DA400F1C0CA;
					};
					497BB4BC229C0DA500F1C0CA = {
						CreatedOnToolsVersion = 10.2.1;
						TestTargetID = 497BB49D229C0DA400F1C0CA;
					};
				};
			};
			buildConfigurationList = 497BB499229C0DA400F1C0CA /* Build configuration list for PBXProject "HelloWorld" */;
			compatibilityVersion = "Xcode 9.3";
			developmentRegion = en;
			hasScannedForEncodings = 0;
			knownRegions = (
				en,
				Base,
			);
			mainGroup = 497BB495229C0DA400F1C0CA;
			productRefGroup = 497BB49F229C0DA400F1C0CA /* Products */;
			projectDirPath = "";
			projectRoot = "";
			targets = (
				497BB49D229C0DA400F1C0CA /* HelloWorld */,
				497BB4B1229C0DA500F1C0CA /* HelloWorldTests */,
				497BB4BC229C0DA500F1C0CA /* HelloWorldUITests */,
			);
		};
/* End PBXProject section */

/* Begin PBXResourcesBuildPhase section */
		497BB49C229C0DA400F1C0CA /* Resources */ = {
			isa = PBXResourcesBuildPhase;
			buildActionMask = 2147483647;
			files = (
				497BB4AC229C0DA500F1C0CA /* LaunchScreen.storyboard in Resources */,
				497BB4A9229C0DA500F1C0CA /* Assets.xcassets in Resources */,
				497BB4A7229C0DA400F1C0CA /* Main.storyboard in Resources */,
			);
			runOnlyForDeploymentPostprocessing = 0;
		};
		497BB4B0229C0DA500F1C0CA /* Resources */ = {
			isa = PBXResourcesBuildPhase;
			buildActionMask = 2147483647;
			files = (
			);
			runOnlyForDeploymentPostprocessing = 0;
		};
		497BB4BB229C0DA500F1C0CA /* Resources */ = {
			isa = PBXResourcesBuildPhase;
			buildActionMask = 2147483647;
			files = (
			);
			runOnlyForDeploymentPostprocessing = 0;
		};
/* End PBXResourcesBuildPhase section */

/* Begin PBXSourcesBuildPhase section */
		497BB49A229C0DA400F1C0CA /* Sources */ = {
			isa = PBXSourcesBuildPhase;
			buildActionMask = 2147483647;
			files = (
				49970C4522A441C800E85A76 /* Hello World ViewController.swift in Sources */,
				497BB4A2229C0DA400F1C0CA /* AppDelegate.swift in Sources */,
			);
			runOnlyForDeploymentPostprocessing = 0;
		};
		497BB4AE229C0DA500F1C0CA /* Sources */ = {
			isa = PBXSourcesBuildPhase;
			buildActionMask = 2147483647;
			files = (
				497BB4B7229C0DA500F1C0CA /* HelloWorldTests.swift in Sources */,
			);
			runOnlyForDeploymentPostprocessing = 0;
		};
		497BB4B9229C0DA500F1C0CA /* Sources */ = {
			isa = PBXSourcesBuildPhase;
			buildActionMask = 2147483647;
			files = (
				497BB4C2229C0DA500F1C0CA /* HelloWorldUITests.swift in Sources */,
			);
			runOnlyForDeploymentPostprocessing = 0;
		};
/* End PBXSourcesBuildPhase section */

/* Begin PBXTargetDependency section */
		497BB4B4229C0DA500F1C0CA /* PBXTargetDependency */ = {
			isa = PBXTargetDependency;
			target = 497BB49D229C0DA400F1C0CA /* HelloWorld */;
			targetProxy = 497BB4B3229C0DA500F1C0CA /* PBXContainerItemProxy */;
		};
		497BB4BF229C0DA500F1C0CA /* PBXTargetDependency */ = {
			isa = PBXTargetDependency;
			target = 497BB49D229C0DA400F1C0CA /* HelloWorld */;
			targetProxy = 497BB4BE229C0DA500F1C0CA /* PBXContainerItemProxy */;
		};
/* End PBXTargetDependency section */

/* Begin PBXVariantGroup section */
		497BB4A5229C0DA400F1C0CA /* Main.storyboard */ = {
			isa = PBXVariantGroup;
			children = (
				497BB4A6229C0DA400F1C0CA /* Base */,
			);
			name = Main.storyboard;
			sourceTree = "<group>";
		};
		497BB4AA229C0DA500F1C0CA /* LaunchScreen.storyboard */ = {
			isa = PBXVariantGroup;
			children = (
				497BB4AB229C0DA500F1C0CA /* Base */,
			);
			name = LaunchScreen.storyboard;
			sourceTree = "<group>";
		};
/* End PBXVariantGroup section */

/* Begin XCBuildConfiguration section */
		497BB4C4229C0DA500F1C0CA /* Debug */ = {
			isa = XCBuildConfiguration;
			buildSettings = {
				ALWAYS_SEARCH_USER_PATHS = NO;
				CLANG_ANALYZER_NONNULL = YES;
				CLANG_ANALYZER_NUMBER_OBJECT_CONVERSION = YES_AGGRESSIVE;
				CLANG_CXX_LANGUAGE_STANDARD = "gnu++14";
				CLANG_CXX_LIBRARY = "libc++";
				CLANG_ENABLE_MODULES = YES;
				CLANG_ENABLE_OBJC_ARC = YES;
				CLANG_ENABLE_OBJC_WEAK = YES;
				CLANG_WARN_BLOCK_CAPTURE_AUTORELEASING = YES;
				CLANG_WARN_BOOL_CONVERSION = YES;
				CLANG_WARN_COMMA = YES;
				CLANG_WARN_CONSTANT_CONVERSION = YES;
				CLANG_WARN_DEPRECATED_OBJC_IMPLEMENTATIONS = YES;
				CLANG_WARN_DIRECT_OBJC_ISA_USAGE = YES_ERROR;
				CLANG_WARN_DOCUMENTATION_COMMENTS = YES;
				CLANG_WARN_EMPTY_BODY = YES;
				CLANG_WARN_ENUM_CONVERSION = YES;
				CLANG_WARN_INFINITE_RECURSION = YES;
				CLANG_WARN_INT_CONVERSION = YES;
				CLANG_WARN_NON_LITERAL_NULL_CONVERSION = YES;
				CLANG_WARN_OBJC_IMPLICIT_RETAIN_SELF = YES;
				CLANG_WARN_OBJC_LITERAL_CONVERSION = YES;
				CLANG_WARN_OBJC_ROOT_CLASS = YES_ERROR;
				CLANG_WARN_RANGE_LOOP_ANALYSIS = YES;
				CLANG_WARN_STRICT_PROTOTYPES = YES;
				CLANG_WARN_SUSPICIOUS_MOVE = YES;
				CLANG_WARN_UNGUARDED_AVAILABILITY = YES_AGGRESSIVE;
				CLANG_WARN_UNREACHABLE_CODE = YES;
				CLANG_WARN__DUPLICATE_METHOD_MATCH = YES;
				CODE_SIGN_IDENTITY = "iPhone Developer";
				COPY_PHASE_STRIP = NO;
				DEBUG_INFORMATION_FORMAT = dwarf;
				ENABLE_STRICT_OBJC_MSGSEND = YES;
				ENABLE_TESTABILITY = YES;
				GCC_C_LANGUAGE_STANDARD = gnu11;
				GCC_DYNAMIC_NO_PIC = NO;
				GCC_NO_COMMON_BLOCKS = YES;
				GCC_OPTIMIZATION_LEVEL = 0;
				GCC_PREPROCESSOR_DEFINITIONS = (
					"DEBUG=1",
					"$(inherited)",
				);
				GCC_WARN_64_TO_32_BIT_CONVERSION = YES;
				GCC_WARN_ABOUT_RETURN_TYPE = YES_ERROR;
				GCC_WARN_UNDECLARED_SELECTOR = YES;
				GCC_WARN_UNINITIALIZED_AUTOS = YES_AGGRESSIVE;
				GCC_WARN_UNUSED_FUNCTION = YES;
				GCC_WARN_UNUSED_VARIABLE = YES;
				IPHONEOS_DEPLOYMENT_TARGET = 12.2;
				MTL_ENABLE_DEBUG_INFO = INCLUDE_SOURCE;
				MTL_FAST_MATH = YES;
				ONLY_ACTIVE_ARCH = YES;
				SDKROOT = iphoneos;
				SWIFT_ACTIVE_COMPILATION_CONDITIONS = DEBUG;
				SWIFT_OPTIMIZATION_LEVEL = "-Onone";
			};
			name = Debug;
		};
		497BB4C5229C0DA500F1C0CA /* Release */ = {
			isa = XCBuildConfiguration;
			buildSettings = {
				ALWAYS_SEARCH_USER_PATHS = NO;
				CLANG_ANALYZER_NONNULL = YES;
				CLANG_ANALYZER_NUMBER_OBJECT_CONVERSION = YES_AGGRESSIVE;
				CLANG_CXX_LANGUAGE_STANDARD = "gnu++14";
				CLANG_CXX_LIBRARY = "libc++";
				CLANG_ENABLE_MODULES = YES;
				CLANG_ENABLE_OBJC_ARC = YES;
				CLANG_ENABLE_OBJC_WEAK = YES;
				CLANG_WARN_BLOCK_CAPTURE_AUTORELEASING = YES;
				CLANG_WARN_BOOL_CONVERSION = YES;
				CLANG_WARN_COMMA = YES;
				CLANG_WARN_CONSTANT_CONVERSION = YES;
				CLANG_WARN_DEPRECATED_OBJC_IMPLEMENTATIONS = YES;
				CLANG_WARN_DIRECT_OBJC_ISA_USAGE = YES_ERROR;
				CLANG_WARN_DOCUMENTATION_COMMENTS = YES;
				CLANG_WARN_EMPTY_BODY = YES;
				CLANG_WARN_ENUM_CONVERSION = YES;
				CLANG_WARN_INFINITE_RECURSION = YES;
				CLANG_WARN_INT_CONVERSION = YES;
				CLANG_WARN_NON_LITERAL_NULL_CONVERSION = YES;
				CLANG_WARN_OBJC_IMPLICIT_RETAIN_SELF = YES;
				CLANG_WARN_OBJC_LITERAL_CONVERSION = YES;
				CLANG_WARN_OBJC_ROOT_CLASS = YES_ERROR;
				CLANG_WARN_RANGE_LOOP_ANALYSIS = YES;
				CLANG_WARN_STRICT_PROTOTYPES = YES;
				CLANG_WARN_SUSPICIOUS_MOVE = YES;
				CLANG_WARN_UNGUARDED_AVAILABILITY = YES_AGGRESSIVE;
				CLANG_WARN_UNREACHABLE_CODE = YES;
				CLANG_WARN__DUPLICATE_METHOD_MATCH = YES;
				CODE_SIGN_IDENTITY = "iPhone Developer";
				COPY_PHASE_STRIP = NO;
				DEBUG_INFORMATION_FORMAT = "dwarf-with-dsym";
				ENABLE_NS_ASSERTIONS = NO;
				ENABLE_STRICT_OBJC_MSGSEND = YES;
				GCC_C_LANGUAGE_STANDARD = gnu11;
				GCC_NO_COMMON_BLOCKS = YES;
				GCC_WARN_64_TO_32_BIT_CONVERSION = YES;
				GCC_WARN_ABOUT_RETURN_TYPE = YES_ERROR;
				GCC_WARN_UNDECLARED_SELECTOR = YES;
				GCC_WARN_UNINITIALIZED_AUTOS = YES_AGGRESSIVE;
				GCC_WARN_UNUSED_FUNCTION = YES;
				GCC_WARN_UNUSED_VARIABLE = YES;
				IPHONEOS_DEPLOYMENT_TARGET = 12.2;
				MTL_ENABLE_DEBUG_INFO = NO;
				MTL_FAST_MATH = YES;
				SDKROOT = iphoneos;
				SWIFT_COMPILATION_MODE = wholemodule;
				SWIFT_OPTIMIZATION_LEVEL = "-O";
				VALIDATE_PRODUCT = YES;
			};
			name = Release;
		};
		497BB4C7229C0DA500F1C0CA /* Debug */ = {
			isa = XCBuildConfiguration;
			buildSettings = {
				ASSETCATALOG_COMPILER_APPICON_NAME = AppIcon;
				CODE_SIGN_STYLE = Automatic;
				DEVELOPMENT_TEAM = XQ2DK6UQZT;
				INFOPLIST_FILE = HelloWorld/Info.plist;
				LD_RUNPATH_SEARCH_PATHS = (
					"$(inherited)",
					"@executable_path/Frameworks",
				);
				PRODUCT_BUNDLE_IDENTIFIER = com.peytontettleton.HelloWorld;
				PRODUCT_NAME = "$(TARGET_NAME)";
				SWIFT_VERSION = 5.0;
				TARGETED_DEVICE_FAMILY = "1,2";
			};
			name = Debug;
		};
		497BB4C8229C0DA500F1C0CA /* Release */ = {
			isa = XCBuildConfiguration;
			buildSettings = {
				ASSETCATALOG_COMPILER_APPICON_NAME = AppIcon;
				CODE_SIGN_STYLE = Automatic;
				DEVELOPMENT_TEAM = XQ2DK6UQZT;
				INFOPLIST_FILE = HelloWorld/Info.plist;
				LD_RUNPATH_SEARCH_PATHS = (
					"$(inherited)",
					"@executable_path/Frameworks",
				);
				PRODUCT_BUNDLE_IDENTIFIER = com.peytontettleton.HelloWorld;
				PRODUCT_NAME = "$(TARGET_NAME)";
				SWIFT_VERSION = 5.0;
				TARGETED_DEVICE_FAMILY = "1,2";
			};
			name = Release;
		};
		497BB4CA229C0DA500F1C0CA /* Debug */ = {
			isa = XCBuildConfiguration;
			buildSettings = {
				ALWAYS_EMBED_SWIFT_STANDARD_LIBRARIES = YES;
				BUNDLE_LOADER = "$(TEST_HOST)";
				CODE_SIGN_STYLE = Automatic;
				DEVELOPMENT_TEAM = XQ2DK6UQZT;
				INFOPLIST_FILE = HelloWorldTests/Info.plist;
				LD_RUNPATH_SEARCH_PATHS = (
					"$(inherited)",
					"@executable_path/Frameworks",
					"@loader_path/Frameworks",
				);
				PRODUCT_BUNDLE_IDENTIFIER = com.peytontettleton.HelloWorldTests;
				PRODUCT_NAME = "$(TARGET_NAME)";
				SWIFT_VERSION = 5.0;
				TARGETED_DEVICE_FAMILY = "1,2";
				TEST_HOST = "$(BUILT_PRODUCTS_DIR)/HelloWorld.app/HelloWorld";
			};
			name = Debug;
		};
		497BB4CB229C0DA500F1C0CA /* Release */ = {
			isa = XCBuildConfiguration;
			buildSettings = {
				ALWAYS_EMBED_SWIFT_STANDARD_LIBRARIES = YES;
				BUNDLE_LOADER = "$(TEST_HOST)";
				CODE_SIGN_STYLE = Automatic;
				DEVELOPMENT_TEAM = XQ2DK6UQZT;
				INFOPLIST_FILE = HelloWorldTests/Info.plist;
				LD_RUNPATH_SEARCH_PATHS = (
					"$(inherited)",
					"@executable_path/Frameworks",
					"@loader_path/Frameworks",
				);
				PRODUCT_BUNDLE_IDENTIFIER = com.peytontettleton.HelloWorldTests;
				PRODUCT_NAME = "$(TARGET_NAME)";
				SWIFT_VERSION = 5.0;
				TARGETED_DEVICE_FAMILY = "1,2";
				TEST_HOST = "$(BUILT_PRODUCTS_DIR)/HelloWorld.app/HelloWorld";
			};
			name = Release;
		};
		497BB4CD229C0DA500F1C0CA /* Debug */ = {
			isa = XCBuildConfiguration;
			buildSettings = {
				ALWAYS_EMBED_SWIFT_STANDARD_LIBRARIES = YES;
				CODE_SIGN_STYLE = Automatic;
				DEVELOPMENT_TEAM = XQ2DK6UQZT;
				INFOPLIST_FILE = HelloWorldUITests/Info.plist;
				LD_RUNPATH_SEARCH_PATHS = (
					"$(inherited)",
					"@executable_path/Frameworks",
					"@loader_path/Frameworks",
				);
				PRODUCT_BUNDLE_IDENTIFIER = com.peytontettleton.HelloWorldUITests;
				PRODUCT_NAME = "$(TARGET_NAME)";
				SWIFT_VERSION = 5.0;
				TARGETED_DEVICE_FAMILY = "1,2";
				TEST_TARGET_NAME = HelloWorld;
			};
			name = Debug;
		};
		497BB4CE229C0DA500F1C0CA /* Release */ = {
			isa = XCBuildConfiguration;
			buildSettings = {
				ALWAYS_EMBED_SWIFT_STANDARD_LIBRARIES = YES;
				CODE_SIGN_STYLE = Automatic;
				DEVELOPMENT_TEAM = XQ2DK6UQZT;
				INFOPLIST_FILE = HelloWorldUITests/Info.plist;
				LD_RUNPATH_SEARCH_PATHS = (
					"$(inherited)",
					"@executable_path/Frameworks",
					"@loader_path/Frameworks",
				);
				PRODUCT_BUNDLE_IDENTIFIER = com.peytontettleton.HelloWorldUITests;
				PRODUCT_NAME = "$(TARGET_NAME)";
				SWIFT_VERSION = 5.0;
				TARGETED_DEVICE_FAMILY = "1,2";
				TEST_TARGET_NAME = HelloWorld;
			};
			name = Release;
		};
/* End XCBuildConfiguration section */

/* Begin XCConfigurationList section */
		497BB499229C0DA400F1C0CA /* Build configuration list for PBXProject "HelloWorld" */ = {
			isa = XCConfigurationList;
			buildConfigurations = (
				497BB4C4229C0DA500F1C0CA /* Debug */,
				497BB4C5229C0DA500F1C0CA /* Release */,
			);
			defaultConfigurationIsVisible = 0;
			defaultConfigurationName = Release;
		};
		497BB4C6229C0DA500F1C0CA /* Build configuration list for PBXNativeTarget "HelloWorld" */ = {
			isa = XCConfigurationList;
			buildConfigurations = (
				497BB4C7229C0DA500F1C0CA /* Debug */,
				497BB4C8229C0DA500F1C0CA /* Release */,
			);
			defaultConfigurationIsVisible = 0;
			defaultConfigurationName = Release;
		};
		497BB4C9229C0DA500F1C0CA /* Build configuration list for PBXNativeTarget "HelloWorldTests" */ = {
			isa = XCConfigurationList;
			buildConfigurations = (
				497BB4CA229C0DA500F1C0CA /* Debug */,
				497BB4CB229C0DA500F1C0CA /* Release */,
			);
			defaultConfigurationIsVisible = 0;
			defaultConfigurationName = Release;
		};
		497BB4CC229C0DA500F1C0CA /* Build configuration list for PBXNativeTarget "HelloWorldUITests" */ = {
			isa = XCConfigurationList;
			buildConfigurations = (
				497BB4CD229C0DA500F1C0CA /* Debug */,
				497BB4CE229C0DA500F1C0CA /* Release */,
			);
			defaultConfigurationIsVisible = 0;
			defaultConfigurationName = Release;
		};
/* End XCConfigurationList section */
	};
	rootObject = 497BB496229C0DA400F1C0CA /* Project object */;
}
